// !$*UTF8*$!
{
	archiveVersion = 1;
	classes = {
	};
	objectVersion = 46;
	objects = {

/* Begin PBXBuildFile section */
		9001044C1CBF719C00DF7CF6 /* INTGoogleAnalyticsHandler.m in Sources */ = {isa = PBXBuildFile; fileRef = 9001043E1CBF719C00DF7CF6 /* INTGoogleAnalyticsHandler.m */; settings = {ASSET_TAGS = (); }; };
		9001044D1CBF719C00DF7CF6 /* libAdIdAccess.a in Frameworks */ = {isa = PBXBuildFile; fileRef = 9001044A1CBF719C00DF7CF6 /* libAdIdAccess.a */; settings = {ASSET_TAGS = (); }; };
		9001044E1CBF719C00DF7CF6 /* libGoogleAnalyticsServices.a in Frameworks */ = {isa = PBXBuildFile; fileRef = 9001044B1CBF719C00DF7CF6 /* libGoogleAnalyticsServices.a */; settings = {ASSET_TAGS = (); }; };
		900104501CBF7B0B00DF7CF6 /* CoreData.framework in Frameworks */ = {isa = PBXBuildFile; fileRef = 9001044F1CBF7B0B00DF7CF6 /* CoreData.framework */; };
		900104521CBF7B1F00DF7CF6 /* SystemConfiguration.framework in Frameworks */ = {isa = PBXBuildFile; fileRef = 900104511CBF7B1F00DF7CF6 /* SystemConfiguration.framework */; };
		900104561CBF7BDE00DF7CF6 /* libsqlite3.tbd in Frameworks */ = {isa = PBXBuildFile; fileRef = 900104551CBF7BDE00DF7CF6 /* libsqlite3.tbd */; };
		900104581CBF7BF600DF7CF6 /* libz.1.2.5.tbd in Frameworks */ = {isa = PBXBuildFile; fileRef = 900104571CBF7BF600DF7CF6 /* libz.1.2.5.tbd */; };
		90DB332D1CBF6F9100A71A99 /* main.m in Sources */ = {isa = PBXBuildFile; fileRef = 90DB332C1CBF6F9100A71A99 /* main.m */; };
		90DB33301CBF6F9100A71A99 /* AppDelegate.m in Sources */ = {isa = PBXBuildFile; fileRef = 90DB332F1CBF6F9100A71A99 /* AppDelegate.m */; };
		90DB33331CBF6F9100A71A99 /* ViewController.m in Sources */ = {isa = PBXBuildFile; fileRef = 90DB33321CBF6F9100A71A99 /* ViewController.m */; };
		90DB33361CBF6F9100A71A99 /* Main.storyboard in Resources */ = {isa = PBXBuildFile; fileRef = 90DB33341CBF6F9100A71A99 /* Main.storyboard */; };
		90DB33391CBF6F9100A71A99 /* GoogleAnalytics.xcdatamodeld in Sources */ = {isa = PBXBuildFile; fileRef = 90DB33371CBF6F9100A71A99 /* GoogleAnalytics.xcdatamodeld */; };
		90DB333B1CBF6F9100A71A99 /* Assets.xcassets in Resources */ = {isa = PBXBuildFile; fileRef = 90DB333A1CBF6F9100A71A99 /* Assets.xcassets */; };
		90DB333E1CBF6F9100A71A99 /* LaunchScreen.storyboard in Resources */ = {isa = PBXBuildFile; fileRef = 90DB333C1CBF6F9100A71A99 /* LaunchScreen.storyboard */; };
		90DB33491CBF6F9100A71A99 /* GoogleAnalyticsTests.m in Sources */ = {isa = PBXBuildFile; fileRef = 90DB33481CBF6F9100A71A99 /* GoogleAnalyticsTests.m */; };
		90DB33541CBF6F9100A71A99 /* GoogleAnalyticsUITests.m in Sources */ = {isa = PBXBuildFile; fileRef = 90DB33531CBF6F9100A71A99 /* GoogleAnalyticsUITests.m */; };
/* End PBXBuildFile section */

/* Begin PBXContainerItemProxy section */
		90DB33451CBF6F9100A71A99 /* PBXContainerItemProxy */ = {
			isa = PBXContainerItemProxy;
			containerPortal = 90DB33201CBF6F9100A71A99 /* Project object */;
			proxyType = 1;
			remoteGlobalIDString = 90DB33271CBF6F9100A71A99;
			remoteInfo = GoogleAnalytics;
		};
		90DB33501CBF6F9100A71A99 /* PBXContainerItemProxy */ = {
			isa = PBXContainerItemProxy;
			containerPortal = 90DB33201CBF6F9100A71A99 /* Project object */;
			proxyType = 1;
			remoteGlobalIDString = 90DB33271CBF6F9100A71A99;
			remoteInfo = GoogleAnalytics;
		};
/* End PBXContainerItemProxy section */

/* Begin PBXFileReference section */
		9001043D1CBF719C00DF7CF6 /* INTGoogleAnalyticsHandler.h */ = {isa = PBXFileReference; fileEncoding = 4; lastKnownFileType = sourcecode.c.h; path = INTGoogleAnalyticsHandler.h; sourceTree = "<group>"; };
		9001043E1CBF719C00DF7CF6 /* INTGoogleAnalyticsHandler.m */ = {isa = PBXFileReference; fileEncoding = 4; lastKnownFileType = sourcecode.c.objc; path = INTGoogleAnalyticsHandler.m; sourceTree = "<group>"; };
		900104401CBF719C00DF7CF6 /* GAI.h */ = {isa = PBXFileReference; fileEncoding = 4; lastKnownFileType = sourcecode.c.h; path = GAI.h; sourceTree = "<group>"; };
		900104411CBF719C00DF7CF6 /* GAIDictionaryBuilder.h */ = {isa = PBXFileReference; fileEncoding = 4; lastKnownFileType = sourcecode.c.h; path = GAIDictionaryBuilder.h; sourceTree = "<group>"; };
		900104421CBF719C00DF7CF6 /* GAIEcommerceFields.h */ = {isa = PBXFileReference; fileEncoding = 4; lastKnownFileType = sourcecode.c.h; path = GAIEcommerceFields.h; sourceTree = "<group>"; };
		900104431CBF719C00DF7CF6 /* GAIEcommerceProduct.h */ = {isa = PBXFileReference; fileEncoding = 4; lastKnownFileType = sourcecode.c.h; path = GAIEcommerceProduct.h; sourceTree = "<group>"; };
		900104441CBF719C00DF7CF6 /* GAIEcommerceProductAction.h */ = {isa = PBXFileReference; fileEncoding = 4; lastKnownFileType = sourcecode.c.h; path = GAIEcommerceProductAction.h; sourceTree = "<group>"; };
		900104451CBF719C00DF7CF6 /* GAIEcommercePromotion.h */ = {isa = PBXFileReference; fileEncoding = 4; lastKnownFileType = sourcecode.c.h; path = GAIEcommercePromotion.h; sourceTree = "<group>"; };
		900104461CBF719C00DF7CF6 /* GAIFields.h */ = {isa = PBXFileReference; fileEncoding = 4; lastKnownFileType = sourcecode.c.h; path = GAIFields.h; sourceTree = "<group>"; };
		900104471CBF719C00DF7CF6 /* GAILogger.h */ = {isa = PBXFileReference; fileEncoding = 4; lastKnownFileType = sourcecode.c.h; path = GAILogger.h; sourceTree = "<group>"; };
		900104481CBF719C00DF7CF6 /* GAITrackedViewController.h */ = {isa = PBXFileReference; fileEncoding = 4; lastKnownFileType = sourcecode.c.h; path = GAITrackedViewController.h; sourceTree = "<group>"; };
		900104491CBF719C00DF7CF6 /* GAITracker.h */ = {isa = PBXFileReference; fileEncoding = 4; lastKnownFileType = sourcecode.c.h; path = GAITracker.h; sourceTree = "<group>"; };
		9001044A1CBF719C00DF7CF6 /* libAdIdAccess.a */ = {isa = PBXFileReference; lastKnownFileType = archive.ar; path = libAdIdAccess.a; sourceTree = "<group>"; };
		9001044B1CBF719C00DF7CF6 /* libGoogleAnalyticsServices.a */ = {isa = PBXFileReference; lastKnownFileType = archive.ar; path = libGoogleAnalyticsServices.a; sourceTree = "<group>"; };
		9001044F1CBF7B0B00DF7CF6 /* CoreData.framework */ = {isa = PBXFileReference; lastKnownFileType = wrapper.framework; name = CoreData.framework; path = System/Library/Frameworks/CoreData.framework; sourceTree = SDKROOT; };
		900104511CBF7B1F00DF7CF6 /* SystemConfiguration.framework */ = {isa = PBXFileReference; lastKnownFileType = wrapper.framework; name = SystemConfiguration.framework; path = System/Library/Frameworks/SystemConfiguration.framework; sourceTree = SDKROOT; };
		900104531CBF7B9F00DF7CF6 /* libbz2.tbd */ = {isa = PBXFileReference; lastKnownFileType = "sourcecode.text-based-dylib-definition"; name = libbz2.tbd; path = usr/lib/libbz2.tbd; sourceTree = SDKROOT; };
		900104551CBF7BDE00DF7CF6 /* libsqlite3.tbd */ = {isa = PBXFileReference; lastKnownFileType = "sourcecode.text-based-dylib-definition"; name = libsqlite3.tbd; path = usr/lib/libsqlite3.tbd; sourceTree = SDKROOT; };
		900104571CBF7BF600DF7CF6 /* libz.1.2.5.tbd */ = {isa = PBXFileReference; lastKnownFileType = "sourcecode.text-based-dylib-definition"; name = libz.1.2.5.tbd; path = usr/lib/libz.1.2.5.tbd; sourceTree = SDKROOT; };
		90DB33281CBF6F9100A71A99 /* GoogleAnalytics.app */ = {isa = PBXFileReference; explicitFileType = wrapper.application; includeInIndex = 0; path = GoogleAnalytics.app; sourceTree = BUILT_PRODUCTS_DIR; };
		90DB332C1CBF6F9100A71A99 /* main.m */ = {isa = PBXFileReference; lastKnownFileType = sourcecode.c.objc; path = main.m; sourceTree = "<group>"; };
		90DB332E1CBF6F9100A71A99 /* AppDelegate.h */ = {isa = PBXFileReference; lastKnownFileType = sourcecode.c.h; path = AppDelegate.h; sourceTree = "<group>"; };
		90DB332F1CBF6F9100A71A99 /* AppDelegate.m */ = {isa = PBXFileReference; lastKnownFileType = sourcecode.c.objc; path = AppDelegate.m; sourceTree = "<group>"; };
		90DB33311CBF6F9100A71A99 /* ViewController.h */ = {isa = PBXFileReference; lastKnownFileType = sourcecode.c.h; path = ViewController.h; sourceTree = "<group>"; };
		90DB33321CBF6F9100A71A99 /* ViewController.m */ = {isa = PBXFileReference; lastKnownFileType = sourcecode.c.objc; path = ViewController.m; sourceTree = "<group>"; };
		90DB33351CBF6F9100A71A99 /* Base */ = {isa = PBXFileReference; lastKnownFileType = file.storyboard; name = Base; path = Base.lproj/Main.storyboard; sourceTree = "<group>"; };
		90DB33381CBF6F9100A71A99 /* GoogleAnalytics.xcdatamodel */ = {isa = PBXFileReference; lastKnownFileType = wrapper.xcdatamodel; path = GoogleAnalytics.xcdatamodel; sourceTree = "<group>"; };
		90DB333A1CBF6F9100A71A99 /* Assets.xcassets */ = {isa = PBXFileReference; lastKnownFileType = folder.assetcatalog; path = Assets.xcassets; sourceTree = "<group>"; };
		90DB333D1CBF6F9100A71A99 /* Base */ = {isa = PBXFileReference; lastKnownFileType = file.storyboard; name = Base; path = Base.lproj/LaunchScreen.storyboard; sourceTree = "<group>"; };
		90DB333F1CBF6F9100A71A99 /* Info.plist */ = {isa = PBXFileReference; lastKnownFileType = text.plist.xml; path = Info.plist; sourceTree = "<group>"; };
		90DB33441CBF6F9100A71A99 /* GoogleAnalyticsTests.xctest */ = {isa = PBXFileReference; explicitFileType = wrapper.cfbundle; includeInIndex = 0; path = GoogleAnalyticsTests.xctest; sourceTree = BUILT_PRODUCTS_DIR; };
		90DB33481CBF6F9100A71A99 /* GoogleAnalyticsTests.m */ = {isa = PBXFileReference; lastKnownFileType = sourcecode.c.objc; path = GoogleAnalyticsTests.m; sourceTree = "<group>"; };
		90DB334A1CBF6F9100A71A99 /* Info.plist */ = {isa = PBXFileReference; lastKnownFileType = text.plist.xml; path = Info.plist; sourceTree = "<group>"; };
		90DB334F1CBF6F9100A71A99 /* GoogleAnalyticsUITests.xctest */ = {isa = PBXFileReference; explicitFileType = wrapper.cfbundle; includeInIndex = 0; path = GoogleAnalyticsUITests.xctest; sourceTree = BUILT_PRODUCTS_DIR; };
		90DB33531CBF6F9100A71A99 /* GoogleAnalyticsUITests.m */ = {isa = PBXFileReference; lastKnownFileType = sourcecode.c.objc; path = GoogleAnalyticsUITests.m; sourceTree = "<group>"; };
		90DB33551CBF6F9100A71A99 /* Info.plist */ = {isa = PBXFileReference; lastKnownFileType = text.plist.xml; path = Info.plist; sourceTree = "<group>"; };
/* End PBXFileReference section */

/* Begin PBXFrameworksBuildPhase section */
		90DB33251CBF6F9100A71A99 /* Frameworks */ = {
			isa = PBXFrameworksBuildPhase;
			buildActionMask = 2147483647;
			files = (
				900104581CBF7BF600DF7CF6 /* libz.1.2.5.tbd in Frameworks */,
				900104561CBF7BDE00DF7CF6 /* libsqlite3.tbd in Frameworks */,
				900104521CBF7B1F00DF7CF6 /* SystemConfiguration.framework in Frameworks */,
				900104501CBF7B0B00DF7CF6 /* CoreData.framework in Frameworks */,
				9001044D1CBF719C00DF7CF6 /* libAdIdAccess.a in Frameworks */,
				9001044E1CBF719C00DF7CF6 /* libGoogleAnalyticsServices.a in Frameworks */,
			);
			runOnlyForDeploymentPostprocessing = 0;
		};
		90DB33411CBF6F9100A71A99 /* Frameworks */ = {
			isa = PBXFrameworksBuildPhase;
			buildActionMask = 2147483647;
			files = (
			);
			runOnlyForDeploymentPostprocessing = 0;
		};
		90DB334C1CBF6F9100A71A99 /* Frameworks */ = {
			isa = PBXFrameworksBuildPhase;
			buildActionMask = 2147483647;
			files = (
			);
			runOnlyForDeploymentPostprocessing = 0;
		};
/* End PBXFrameworksBuildPhase section */

/* Begin PBXGroup section */
		9001043C1CBF719C00DF7CF6 /* GoogleAnalyticsHandler */ = {
			isa = PBXGroup;
			children = (
				9001043D1CBF719C00DF7CF6 /* INTGoogleAnalyticsHandler.h */,
				9001043E1CBF719C00DF7CF6 /* INTGoogleAnalyticsHandler.m */,
			);
			path = GoogleAnalyticsHandler;
			sourceTree = "<group>";
		};
		9001043F1CBF719C00DF7CF6 /* GoogleAnalyticsLibrary */ = {
			isa = PBXGroup;
			children = (
				900104401CBF719C00DF7CF6 /* GAI.h */,
				900104411CBF719C00DF7CF6 /* GAIDictionaryBuilder.h */,
				900104421CBF719C00DF7CF6 /* GAIEcommerceFields.h */,
				900104431CBF719C00DF7CF6 /* GAIEcommerceProduct.h */,
				900104441CBF719C00DF7CF6 /* GAIEcommerceProductAction.h */,
				900104451CBF719C00DF7CF6 /* GAIEcommercePromotion.h */,
				900104461CBF719C00DF7CF6 /* GAIFields.h */,
				900104471CBF719C00DF7CF6 /* GAILogger.h */,
				900104481CBF719C00DF7CF6 /* GAITrackedViewController.h */,
				900104491CBF719C00DF7CF6 /* GAITracker.h */,
				9001044A1CBF719C00DF7CF6 /* libAdIdAccess.a */,
				9001044B1CBF719C00DF7CF6 /* libGoogleAnalyticsServices.a */,
			);
			path = GoogleAnalyticsLibrary;
			sourceTree = "<group>";
		};
		900104591CBF7D2D00DF7CF6 /* FrameWork */ = {
			isa = PBXGroup;
			children = (
				900104571CBF7BF600DF7CF6 /* libz.1.2.5.tbd */,
				900104551CBF7BDE00DF7CF6 /* libsqlite3.tbd */,
				900104531CBF7B9F00DF7CF6 /* libbz2.tbd */,
				900104511CBF7B1F00DF7CF6 /* SystemConfiguration.framework */,
				9001044F1CBF7B0B00DF7CF6 /* CoreData.framework */,
			);
			name = FrameWork;
			path = GoogleAnalytics;
			sourceTree = "<group>";
		};
		90DB331F1CBF6F9100A71A99 = {
			isa = PBXGroup;
			children = (
				900104591CBF7D2D00DF7CF6 /* FrameWork */,
				90DB332A1CBF6F9100A71A99 /* GoogleAnalytics */,
				90DB33471CBF6F9100A71A99 /* GoogleAnalyticsTests */,
				90DB33521CBF6F9100A71A99 /* GoogleAnalyticsUITests */,
				90DB33291CBF6F9100A71A99 /* Products */,
			);
			sourceTree = "<group>";
		};
		90DB33291CBF6F9100A71A99 /* Products */ = {
			isa = PBXGroup;
			children = (
				90DB33281CBF6F9100A71A99 /* GoogleAnalytics.app */,
				90DB33441CBF6F9100A71A99 /* GoogleAnalyticsTests.xctest */,
				90DB334F1CBF6F9100A71A99 /* GoogleAnalyticsUITests.xctest */,
			);
			name = Products;
			sourceTree = "<group>";
		};
		90DB332A1CBF6F9100A71A99 /* GoogleAnalytics */ = {
			isa = PBXGroup;
			children = (
				9001043C1CBF719C00DF7CF6 /* GoogleAnalyticsHandler */,
				9001043F1CBF719C00DF7CF6 /* GoogleAnalyticsLibrary */,
				90DB332E1CBF6F9100A71A99 /* AppDelegate.h */,
				90DB332F1CBF6F9100A71A99 /* AppDelegate.m */,
				90DB33311CBF6F9100A71A99 /* ViewController.h */,
				90DB33321CBF6F9100A71A99 /* ViewController.m */,
				90DB33341CBF6F9100A71A99 /* Main.storyboard */,
				90DB333A1CBF6F9100A71A99 /* Assets.xcassets */,
				90DB333C1CBF6F9100A71A99 /* LaunchScreen.storyboard */,
				90DB333F1CBF6F9100A71A99 /* Info.plist */,
				90DB33371CBF6F9100A71A99 /* GoogleAnalytics.xcdatamodeld */,
				90DB332B1CBF6F9100A71A99 /* Supporting Files */,
			);
			path = GoogleAnalytics;
			sourceTree = "<group>";
		};
		90DB332B1CBF6F9100A71A99 /* Supporting Files */ = {
			isa = PBXGroup;
			children = (
				90DB332C1CBF6F9100A71A99 /* main.m */,
			);
			name = "Supporting Files";
			sourceTree = "<group>";
		};
		90DB33471CBF6F9100A71A99 /* GoogleAnalyticsTests */ = {
			isa = PBXGroup;
			children = (
				90DB33481CBF6F9100A71A99 /* GoogleAnalyticsTests.m */,
				90DB334A1CBF6F9100A71A99 /* Info.plist */,
			);
			path = GoogleAnalyticsTests;
			sourceTree = "<group>";
		};
		90DB33521CBF6F9100A71A99 /* GoogleAnalyticsUITests */ = {
			isa = PBXGroup;
			children = (
				90DB33531CBF6F9100A71A99 /* GoogleAnalyticsUITests.m */,
				90DB33551CBF6F9100A71A99 /* Info.plist */,
			);
			path = GoogleAnalyticsUITests;
			sourceTree = "<group>";
		};
/* End PBXGroup section */

/* Begin PBXNativeTarget section */
		90DB33271CBF6F9100A71A99 /* GoogleAnalytics */ = {
			isa = PBXNativeTarget;
			buildConfigurationList = 90DB33581CBF6F9100A71A99 /* Build configuration list for PBXNativeTarget "GoogleAnalytics" */;
			buildPhases = (
				90DB33241CBF6F9100A71A99 /* Sources */,
				90DB33251CBF6F9100A71A99 /* Frameworks */,
				90DB33261CBF6F9100A71A99 /* Resources */,
			);
			buildRules = (
			);
			dependencies = (
			);
			name = GoogleAnalytics;
			productName = GoogleAnalytics;
			productReference = 90DB33281CBF6F9100A71A99 /* GoogleAnalytics.app */;
			productType = "com.apple.product-type.application";
		};
		90DB33431CBF6F9100A71A99 /* GoogleAnalyticsTests */ = {
			isa = PBXNativeTarget;
			buildConfigurationList = 90DB335B1CBF6F9100A71A99 /* Build configuration list for PBXNativeTarget "GoogleAnalyticsTests" */;
			buildPhases = (
				90DB33401CBF6F9100A71A99 /* Sources */,
				90DB33411CBF6F9100A71A99 /* Frameworks */,
				90DB33421CBF6F9100A71A99 /* Resources */,
			);
			buildRules = (
			);
			dependencies = (
				90DB33461CBF6F9100A71A99 /* PBXTargetDependency */,
			);
			name = GoogleAnalyticsTests;
			productName = GoogleAnalyticsTests;
			productReference = 90DB33441CBF6F9100A71A99 /* GoogleAnalyticsTests.xctest */;
			productType = "com.apple.product-type.bundle.unit-test";
		};
		90DB334E1CBF6F9100A71A99 /* GoogleAnalyticsUITests */ = {
			isa = PBXNativeTarget;
			buildConfigurationList = 90DB335E1CBF6F9100A71A99 /* Build configuration list for PBXNativeTarget "GoogleAnalyticsUITests" */;
			buildPhases = (
				90DB334B1CBF6F9100A71A99 /* Sources */,
				90DB334C1CBF6F9100A71A99 /* Frameworks */,
				90DB334D1CBF6F9100A71A99 /* Resources */,
			);
			buildRules = (
			);
			dependencies = (
				90DB33511CBF6F9100A71A99 /* PBXTargetDependency */,
			);
			name = GoogleAnalyticsUITests;
			productName = GoogleAnalyticsUITests;
			productReference = 90DB334F1CBF6F9100A71A99 /* GoogleAnalyticsUITests.xctest */;
			productType = "com.apple.product-type.bundle.ui-testing";
		};
/* End PBXNativeTarget section */

/* Begin PBXProject section */
		90DB33201CBF6F9100A71A99 /* Project object */ = {
			isa = PBXProject;
			attributes = {
				LastUpgradeCheck = 0700;
				ORGANIZATIONNAME = Shankar;
				TargetAttributes = {
					90DB33271CBF6F9100A71A99 = {
						CreatedOnToolsVersion = 7.0;
					};
					90DB33431CBF6F9100A71A99 = {
						CreatedOnToolsVersion = 7.0;
						TestTargetID = 90DB33271CBF6F9100A71A99;
					};
					90DB334E1CBF6F9100A71A99 = {
						CreatedOnToolsVersion = 7.0;
						TestTargetID = 90DB33271CBF6F9100A71A99;
					};
				};
			};
			buildConfigurationList = 90DB33231CBF6F9100A71A99 /* Build configuration list for PBXProject "GoogleAnalytics" */;
			compatibilityVersion = "Xcode 3.2";
			developmentRegion = English;
			hasScannedForEncodings = 0;
			knownRegions = (
				en,
				Base,
			);
			mainGroup = 90DB331F1CBF6F9100A71A99;
			productRefGroup = 90DB33291CBF6F9100A71A99 /* Products */;
			projectDirPath = "";
			projectRoot = "";
			targets = (
				90DB33271CBF6F9100A71A99 /* GoogleAnalytics */,
				90DB33431CBF6F9100A71A99 /* GoogleAnalyticsTests */,
				90DB334E1CBF6F9100A71A99 /* GoogleAnalyticsUITests */,
			);
		};
/* End PBXProject section */

/* Begin PBXResourcesBuildPhase section */
		90DB33261CBF6F9100A71A99 /* Resources */ = {
			isa = PBXResourcesBuildPhase;
			buildActionMask = 2147483647;
			files = (
				90DB333E1CBF6F9100A71A99 /* LaunchScreen.storyboard in Resources */,
				90DB333B1CBF6F9100A71A99 /* Assets.xcassets in Resources */,
				90DB33361CBF6F9100A71A99 /* Main.storyboard in Resources */,
			);
			runOnlyForDeploymentPostprocessing = 0;
		};
		90DB33421CBF6F9100A71A99 /* Resources */ = {
			isa = PBXResourcesBuildPhase;
			buildActionMask = 2147483647;
			files = (
			);
			runOnlyForDeploymentPostprocessing = 0;
		};
		90DB334D1CBF6F9100A71A99 /* Resources */ = {
			isa = PBXResourcesBuildPhase;
			buildActionMask = 2147483647;
			files = (
			);
			runOnlyForDeploymentPostprocessing = 0;
		};
/* End PBXResourcesBuildPhase section */

/* Begin PBXSourcesBuildPhase section */
		90DB33241CBF6F9100A71A99 /* Sources */ = {
			isa = PBXSourcesBuildPhase;
			buildActionMask = 2147483647;
			files = (
				9001044C1CBF719C00DF7CF6 /* INTGoogleAnalyticsHandler.m in Sources */,
				90DB33331CBF6F9100A71A99 /* ViewController.m in Sources */,
				90DB33391CBF6F9100A71A99 /* GoogleAnalytics.xcdatamodeld in Sources */,
				90DB33301CBF6F9100A71A99 /* AppDelegate.m in Sources */,
				90DB332D1CBF6F9100A71A99 /* main.m in Sources */,
			);
			runOnlyForDeploymentPostprocessing = 0;
		};
		90DB33401CBF6F9100A71A99 /* Sources */ = {
			isa = PBXSourcesBuildPhase;
			buildActionMask = 2147483647;
			files = (
				90DB33491CBF6F9100A71A99 /* GoogleAnalyticsTests.m in Sources */,
			);
			runOnlyForDeploymentPostprocessing = 0;
		};
		90DB334B1CBF6F9100A71A99 /* Sources */ = {
			isa = PBXSourcesBuildPhase;
			buildActionMask = 2147483647;
			files = (
				90DB33541CBF6F9100A71A99 /* GoogleAnalyticsUITests.m in Sources */,
			);
			runOnlyForDeploymentPostprocessing = 0;
		};
/* End PBXSourcesBuildPhase section */

/* Begin PBXTargetDependency section */
		90DB33461CBF6F9100A71A99 /* PBXTargetDependency */ = {
			isa = PBXTargetDependency;
			target = 90DB33271CBF6F9100A71A99 /* GoogleAnalytics */;
			targetProxy = 90DB33451CBF6F9100A71A99 /* PBXContainerItemProxy */;
		};
		90DB33511CBF6F9100A71A99 /* PBXTargetDependency */ = {
			isa = PBXTargetDependency;
			target = 90DB33271CBF6F9100A71A99 /* GoogleAnalytics */;
			targetProxy = 90DB33501CBF6F9100A71A99 /* PBXContainerItemProxy */;
		};
/* End PBXTargetDependency section */

/* Begin PBXVariantGroup section */
		90DB33341CBF6F9100A71A99 /* Main.storyboard */ = {
			isa = PBXVariantGroup;
			children = (
				90DB33351CBF6F9100A71A99 /* Base */,
			);
			name = Main.storyboard;
			sourceTree = "<group>";
		};
		90DB333C1CBF6F9100A71A99 /* LaunchScreen.storyboard */ = {
			isa = PBXVariantGroup;
			children = (
				90DB333D1CBF6F9100A71A99 /* Base */,
			);
			name = LaunchScreen.storyboard;
			sourceTree = "<group>";
		};
/* End PBXVariantGroup section */

/* Begin XCBuildConfiguration section */
		90DB33561CBF6F9100A71A99 /* Debug */ = {
			isa = XCBuildConfiguration;
			buildSettings = {
				ALWAYS_SEARCH_USER_PATHS = NO;
				CLANG_CXX_LANGUAGE_STANDARD = "gnu++0x";
				CLANG_CXX_LIBRARY = "libc++";
				CLANG_ENABLE_MODULES = YES;
				CLANG_ENABLE_OBJC_ARC = YES;
				CLANG_WARN_BOOL_CONVERSION = YES;
				CLANG_WARN_CONSTANT_CONVERSION = YES;
				CLANG_WARN_DIRECT_OBJC_ISA_USAGE = YES_ERROR;
				CLANG_WARN_EMPTY_BODY = YES;
				CLANG_WARN_ENUM_CONVERSION = YES;
				CLANG_WARN_INT_CONVERSION = YES;
				CLANG_WARN_OBJC_ROOT_CLASS = YES_ERROR;
				CLANG_WARN_UNREACHABLE_CODE = YES;
				CLANG_WARN__DUPLICATE_METHOD_MATCH = YES;
				"CODE_SIGN_IDENTITY[sdk=iphoneos*]" = "iPhone Developer";
				COPY_PHASE_STRIP = NO;
				DEBUG_INFORMATION_FORMAT = dwarf;
				ENABLE_STRICT_OBJC_MSGSEND = YES;
				ENABLE_TESTABILITY = YES;
				GCC_C_LANGUAGE_STANDARD = gnu99;
				GCC_DYNAMIC_NO_PIC = NO;
				GCC_NO_COMMON_BLOCKS = YES;
				GCC_OPTIMIZATION_LEVEL = 0;
				GCC_PREPROCESSOR_DEFINITIONS = (
					"DEBUG=1",
					"$(inherited)",
				);
				GCC_WARN_64_TO_32_BIT_CONVERSION = YES;
				GCC_WARN_ABOUT_RETURN_TYPE = YES_ERROR;
				GCC_WARN_UNDECLARED_SELECTOR = YES;
				GCC_WARN_UNINITIALIZED_AUTOS = YES_AGGRESSIVE;
				GCC_WARN_UNUSED_FUNCTION = YES;
				GCC_WARN_UNUSED_VARIABLE = YES;
				IPHONEOS_DEPLOYMENT_TARGET = 9.0;
				MTL_ENABLE_DEBUG_INFO = YES;
				ONLY_ACTIVE_ARCH = YES;
				SDKROOT = iphoneos;
			};
			name = Debug;
		};
		90DB33571CBF6F9100A71A99 /* Release */ = {
			isa = XCBuildConfiguration;
			buildSettings = {
				ALWAYS_SEARCH_USER_PATHS = NO;
				CLANG_CXX_LANGUAGE_STANDARD = "gnu++0x";
				CLANG_CXX_LIBRARY = "libc++";
				CLANG_ENABLE_MODULES = YES;
				CLANG_ENABLE_OBJC_ARC = YES;
				CLANG_WARN_BOOL_CONVERSION = YES;
				CLANG_WARN_CONSTANT_CONVERSION = YES;
				CLANG_WARN_DIRECT_OBJC_ISA_USAGE = YES_ERROR;
				CLANG_WARN_EMPTY_BODY = YES;
				CLANG_WARN_ENUM_CONVERSION = YES;
				CLANG_WARN_INT_CONVERSION = YES;
				CLANG_WARN_OBJC_ROOT_CLASS = YES_ERROR;
				CLANG_WARN_UNREACHABLE_CODE = YES;
				CLANG_WARN__DUPLICATE_METHOD_MATCH = YES;
				"CODE_SIGN_IDENTITY[sdk=iphoneos*]" = "iPhone Developer";
				COPY_PHASE_STRIP = NO;
				DEBUG_INFORMATION_FORMAT = "dwarf-with-dsym";
				ENABLE_NS_ASSERTIONS = NO;
				ENABLE_STRICT_OBJC_MSGSEND = YES;
				GCC_C_LANGUAGE_STANDARD = gnu99;
				GCC_NO_COMMON_BLOCKS = YES;
				GCC_WARN_64_TO_32_BIT_CONVERSION = YES;
				GCC_WARN_ABOUT_RETURN_TYPE = YES_ERROR;
				GCC_WARN_UNDECLARED_SELECTOR = YES;
				GCC_WARN_UNINITIALIZED_AUTOS = YES_AGGRESSIVE;
				GCC_WARN_UNUSED_FUNCTION = YES;
				GCC_WARN_UNUSED_VARIABLE = YES;
				IPHONEOS_DEPLOYMENT_TARGET = 9.0;
				MTL_ENABLE_DEBUG_INFO = NO;
				SDKROOT = iphoneos;
				VALIDATE_PRODUCT = YES;
			};
			name = Release;
		};
		90DB33591CBF6F9100A71A99 /* Debug */ = {
			isa = XCBuildConfiguration;
			buildSettings = {
				ASSETCATALOG_COMPILER_APPICON_NAME = AppIcon;
				INFOPLIST_FILE = GoogleAnalytics/Info.plist;
				IPHONEOS_DEPLOYMENT_TARGET = 6.0;
				LD_RUNPATH_SEARCH_PATHS = "$(inherited) @executable_path/Frameworks";
				LIBRARY_SEARCH_PATHS = (
					"$(inherited)",
					"$(PROJECT_DIR)/GoogleAnalytics/GoogleAnalyticsLibrary",
				);
				PRODUCT_BUNDLE_IDENTIFIER = "Shankar-ios.GoogleAnalytics";
				PRODUCT_NAME = "$(TARGET_NAME)";
			};
			name = Debug;
		};
		90DB335A1CBF6F9100A71A99 /* Release */ = {
			isa = XCBuildConfiguration;
			buildSettings = {
				ASSETCATALOG_COMPILER_APPICON_NAME = AppIcon;
				INFOPLIST_FILE = GoogleAnalytics/Info.plist;
				IPHONEOS_DEPLOYMENT_TARGET = 6.0;
				LD_RUNPATH_SEARCH_PATHS = "$(inherited) @executable_path/Frameworks";
				LIBRARY_SEARCH_PATHS = (
					"$(inherited)",
					"$(PROJECT_DIR)/GoogleAnalytics/GoogleAnalyticsLibrary",
				);
				PRODUCT_BUNDLE_IDENTIFIER = "Shankar-ios.GoogleAnalytics";
				PRODUCT_NAME = "$(TARGET_NAME)";
			};
			name = Release;
		};
		90DB335C1CBF6F9100A71A99 /* Debug */ = {
			isa = XCBuildConfiguration;
			buildSettings = {
				BUNDLE_LOADER = "$(TEST_HOST)";
				INFOPLIST_FILE = GoogleAnalyticsTests/Info.plist;
				LD_RUNPATH_SEARCH_PATHS = "$(inherited) @executable_path/Frameworks @loader_path/Frameworks";
				PRODUCT_BUNDLE_IDENTIFIER = "Shankar-ios.GoogleAnalyticsTests";
				PRODUCT_NAME = "$(TARGET_NAME)";
				TEST_HOST = "$(BUILT_PRODUCTS_DIR)/GoogleAnalytics.app/GoogleAnalytics";
			};
			name = Debug;
		};
		90DB335D1CBF6F9100A71A99 /* Release */ = {
			isa = XCBuildConfiguration;
			buildSettings = {
				BUNDLE_LOADER = "$(TEST_HOST)";
				INFOPLIST_FILE = GoogleAnalyticsTests/Info.plist;
				LD_RUNPATH_SEARCH_PATHS = "$(inherited) @executable_path/Frameworks @loader_path/Frameworks";
				PRODUCT_BUNDLE_IDENTIFIER = "Shankar-ios.GoogleAnalyticsTests";
				PRODUCT_NAME = "$(TARGET_NAME)";
				TEST_HOST = "$(BUILT_PRODUCTS_DIR)/GoogleAnalytics.app/GoogleAnalytics";
			};
			name = Release;
		};
		90DB335F1CBF6F9100A71A99 /* Debug */ = {
			isa = XCBuildConfiguration;
			buildSettings = {
				INFOPLIST_FILE = GoogleAnalyticsUITests/Info.plist;
				LD_RUNPATH_SEARCH_PATHS = "$(inherited) @executable_path/Frameworks @loader_path/Frameworks";
				PRODUCT_BUNDLE_IDENTIFIER = "Shankar-ios.GoogleAnalyticsUITests";
				PRODUCT_NAME = "$(TARGET_NAME)";
				TEST_TARGET_NAME = GoogleAnalytics;
				USES_XCTRUNNER = YES;
			};
			name = Debug;
		};
		90DB33601CBF6F9100A71A99 /* Release */ = {
			isa = XCBuildConfiguration;
			buildSettings = {
				INFOPLIST_FILE = GoogleAnalyticsUITests/Info.plist;
				LD_RUNPATH_SEARCH_PATHS = "$(inherited) @executable_path/Frameworks @loader_path/Frameworks";
				PRODUCT_BUNDLE_IDENTIFIER = "Shankar-ios.GoogleAnalyticsUITests";
				PRODUCT_NAME = "$(TARGET_NAME)";
				TEST_TARGET_NAME = GoogleAnalytics;
				USES_XCTRUNNER = YES;
			};
			name = Release;
		};
/* End XCBuildConfiguration section */

/* Begin XCConfigurationList section */
		90DB33231CBF6F9100A71A99 /* Build configuration list for PBXProject "GoogleAnalytics" */ = {
			isa = XCConfigurationList;
			buildConfigurations = (
				90DB33561CBF6F9100A71A99 /* Debug */,
				90DB33571CBF6F9100A71A99 /* Release */,
			);
			defaultConfigurationIsVisible = 0;
			defaultConfigurationName = Release;
		};
		90DB33581CBF6F9100A71A99 /* Build configuration list for PBXNativeTarget "GoogleAnalytics" */ = {
			isa = XCConfigurationList;
			buildConfigurations = (
				90DB33591CBF6F9100A71A99 /* Debug */,
				90DB335A1CBF6F9100A71A99 /* Release */,
			);
			defaultConfigurationIsVisible = 0;
			defaultConfigurationName = Release;
		};
		90DB335B1CBF6F9100A71A99 /* Build configuration list for PBXNativeTarget "GoogleAnalyticsTests" */ = {
			isa = XCConfigurationList;
			buildConfigurations = (
				90DB335C1CBF6F9100A71A99 /* Debug */,
				90DB335D1CBF6F9100A71A99 /* Release */,
			);
			defaultConfigurationIsVisible = 0;
			defaultConfigurationName = Release;
		};
		90DB335E1CBF6F9100A71A99 /* Build configuration list for PBXNativeTarget "GoogleAnalyticsUITests" */ = {
			isa = XCConfigurationList;
			buildConfigurations = (
				90DB335F1CBF6F9100A71A99 /* Debug */,
				90DB33601CBF6F9100A71A99 /* Release */,
			);
			defaultConfigurationIsVisible = 0;
			defaultConfigurationName = Release;
		};
/* End XCConfigurationList section */

/* Begin XCVersionGroup section */
		90DB33371CBF6F9100A71A99 /* GoogleAnalytics.xcdatamodeld */ = {
			isa = XCVersionGroup;
			children = (
				90DB33381CBF6F9100A71A99 /* GoogleAnalytics.xcdatamodel */,
			);
			currentVersion = 90DB33381CBF6F9100A71A99 /* GoogleAnalytics.xcdatamodel */;
			path = GoogleAnalytics.xcdatamodeld;
			sourceTree = "<group>";
			versionGroupType = wrapper.xcdatamodel;
		};
/* End XCVersionGroup section */
	};
	rootObject = 90DB33201CBF6F9100A71A99 /* Project object */;
}
